
Microsoft Visual Studio Solution File, Format Version 12.00
# Visual Studio Version 17
VisualStudioVersion = 17.13.35931.197 d17.13
MinimumVisualStudioVersion = 10.0.40219.1
Project("{FAE04EC0-301F-11D3-BF4B-00C04F79EFBC}") = "examen-app", "examen-app\examen-app.csproj", "{F02ADB40-C29B-40F6-99FA-214EFFAB9286}"
EndProject
Global
	GlobalSection(SolutionConfigurationPlatforms) = preSolution
		Debug|Any CPU = Debug|Any CPU
		Release|Any CPU = Release|Any CPU
	EndGlobalSection
	GlobalSection(ProjectConfigurationPlatforms) = postSolution
		{F02ADB40-C29B-40F6-99FA-214EFFAB9286}.Debug|Any CPU.ActiveCfg = Debug|Any CPU
		{F02ADB40-C29B-40F6-99FA-214EFFAB9286}.Debug|Any CPU.Build.0 = Debug|Any CPU
		{F02ADB40-C29B-40F6-99FA-214EFFAB9286}.Release|Any CPU.ActiveCfg = Release|Any CPU
		{F02ADB40-C29B-40F6-99FA-214EFFAB9286}.Release|Any CPU.Build.0 = Release|Any CPU
	EndGlobalSection
	GlobalSection(SolutionProperties) = preSolution
		HideSolutionNode = FALSE
	EndGlobalSection
	GlobalSection(ExtensibilityGlobals) = postSolution
		SolutionGuid = {21F732B1-9CBB-43D8-AB59-EBE46F3EFFF9}
	EndGlobalSection
EndGlobal
